
Microsoft Visual Studio Solution File, Format Version 12.00
Project("{FAE04EC0-301F-11D3-BF4B-00C04F79EFBC}") = "proyectoToken", "proyectoToken\proyectoToken.csproj", "{FD5FD4AA-1EAF-4001-80BB-09E37C440837}"
EndProject
Global
	GlobalSection(SolutionConfigurationPlatforms) = preSolution
		Debug|Any CPU = Debug|Any CPU
		Release|Any CPU = Release|Any CPU
	EndGlobalSection
	GlobalSection(ProjectConfigurationPlatforms) = postSolution
		{FD5FD4AA-1EAF-4001-80BB-09E37C440837}.Debug|Any CPU.ActiveCfg = Debug|Any CPU
		{FD5FD4AA-1EAF-4001-80BB-09E37C440837}.Debug|Any CPU.Build.0 = Debug|Any CPU
		{FD5FD4AA-1EAF-4001-80BB-09E37C440837}.Release|Any CPU.ActiveCfg = Release|Any CPU
		{FD5FD4AA-1EAF-4001-80BB-09E37C440837}.Release|Any CPU.Build.0 = Release|Any CPU
	EndGlobalSection
EndGlobal
